version: 1
checksums:
  4188a166aad2705b4f09401f924502ed:
    greeting: e5c4880fef990edc98e20db92aff718d
    login_back_to_portal: e939afc4e2b8f799133332485fb7fb75
    login_neurobloom_brand: 7dcdc8dc8b27ed35ff8e6df17b8307ae
    login_advanced_cognitive: 16e9b03eda6f6c1324cce54b96bbccd6
    login_diagnostics: fff41cebe85d41aad6d073224567ba8f
    login_description: 78769cbf5398c87d28c655d8a6ac66d4
    login_end_to_end: 824ad790255699bf6eac309327454f10
    login_regional_data: 21f242e3d53c5dab89c96347c4429561
    login_practitioner_login: 2824d4bd1099590b732b5f703114edc5
    login_auth_required: 517e54ec33375ab0f260657b808bae17
    login_email_protocol: ea41ded04c53cc34ce7a0e1f4b2cb988
    login_email_placeholder: 6dbb48545a19d01fdee15a3ae3f7b03e
    login_security_token: b537cdbb4998c7b6dff5b4e95cdf3ec4
    login_reset: c19c53a05e21c7f3b395247809a14b51
    login_password_placeholder: ca3366156105311e68771a7ee18b0304
    login_authorizing: cac8df7e2a404bee84fd93da05209864
    login_initialize_session: a77e5ad25127d3bb3806b58f54d32e59
    login_new_practitioner: e56a81146df20f6242921707b98d3476
    login_request_access: acae94c636f5aaef05d6c9246358eb1c
    login_footer_copyright: 9a8a8974df73fbb043fa3adddd86269d
    login_footer_status: ede6c25677f7f28056cbf3d250e53f11
    login_footer_version: 0e0f00e8a81299987f49a0c13f2b3f1a
    signup_back_to_home: 2ebd27a1382d68ff1396415a98ac1b48
    signup_join_neurobloom: 6f3fb65a89b4f16bffabeb5b815debbb
    signup_join_description: c6c5179bf8d99a802181e63399c13d0f
    signup_feature_1: 0d3a11099e8bef83eac640dde92e3d9c
    signup_feature_2: 46affa179b937046312d62fdefbb3000
    signup_feature_3: 4a94c9a9a09ee01e927e45978dd1c7fb
    signup_neurobloom_brand: 7dcdc8dc8b27ed35ff8e6df17b8307ae
    signup_create_account: ca6fff459d2a609246282be825db455c
    signup_create_subtitle: 152e097d26bdd3ee35a839a0533d0b93
    signup_full_name_label: ba3094a10db2bb9234cb7e0dc86e40fd
    signup_full_name_placeholder: 5c927d18c76f612d106a4b69e437f6be
    signup_email_label: 0ee22bbbe989a0c61a18023407d12dc2
    signup_email_placeholder: 43f9fd62bbb9fdbffd877bbe1ec215eb
    signup_password_label: 223a61cf906ab9c40d22612c588dff48
    signup_password_placeholder: 0d61743541fa5e1758c89d8207d1a8e9
    signup_role_label: 661bd43b0bdf4086c9f1ea7930fc3052
    signup_role_parent: 396c5640c11aec1448cc2fc9ed702afc
    signup_role_educator: 94a6c7c860c41e0548406cb0fc4a64d4
    signup_role_researcher: 21a0075c68e383db53c1aed4d11d12fb
    signup_agreement_text: dfe5c28a7f5d778e5861de000d35b095
    signup_submit_button: 3c3c9666b2acc1404eaa89e34e17f946
    signup_already_have_account: 699043a787e26ec2ecad53f52df28d5b
    signup_login_link: 9fb886eff8d1d67d8bb79f5c3f78edde
    signup_privacy_note: 8c1c0b0b9fc3b7481592a8af18f7d6f0
    landing_brand: 7dcdc8dc8b27ed35ff8e6df17b8307ae
    landing_nav_how: f0be71e62d493362a83cdcb7a0f6c21c
    landing_nav_why: 0fc77dd30af71b7ae489019c6e378d24
    landing_nav_who: d888b64c0da05d8bc030a744380abf71
    landing_nav_ethics: bdc6c94d442e09fe009f21ccb379aba0
    landing_btn_signin: ec7b8f314fe9bc6591006707484ede61
    landing_btn_getstarted: 1d5f030c4ec9c869e647ae060518b948
    landing_hero_badge: 57a703551188393289ae9cb8e2365749
    landing_hero_title: d0318ace34fabb93d482233d6a683f9e
    landing_hero_subtitle: 7b4b88d7e29c9666739f0effa85db1eb
    landing_hero_btn_start: 1d5f030c4ec9c869e647ae060518b948
    landing_hero_btn_learn: 571e9dcfd2b7401e97589a39a79cdbd3
    landing_how_title: bc48167ee05bd0a178a4b0f527712d1f
    landing_how_subtitle: b438078c34126a211e1b31a14b4ba1b0
    landing_how_step1_title: d6a5f428e42f9c45bf59f8a326586ff1
    landing_how_step1_desc: 8bf0f5eaa2ee06b8c2003e6bdff6f4c6
    landing_how_step2_title: dea079c6da0101a3b72ac6a0ef262ff9
    landing_how_step2_desc: 746ea5623b09df905e6a04a4195aa5f4
    landing_how_step3_title: ff29cf1a4437e6b0eded903a7e0cc339
    landing_how_step3_desc: e260a723351849d7d5321a45dbb6cc73
    landing_why_title: 0fc77dd30af71b7ae489019c6e378d24
    landing_why_subtitle: 521a982d9b283e5e055527d5171119ff
    landing_why_feature1_title: 943bbb32d3dc2fe25d0a10d446c0698a
    landing_why_feature1_desc: 5bb20e5d0b76488a4211439e6755a4d7
    landing_why_feature2_title: feeaf842c6513fd46fb99bf0209cc1fe
    landing_why_feature2_desc: 8db5f7748b7abf7957ba8740e184376f
    landing_why_feature3_title: c438279e5be71913f8adb118d36ec0e0
    landing_why_feature3_desc: df6fcba682f32f6b8261e47b2fd72f49
    landing_why_feature4_title: 2884428591778730c38a90943103c947
    landing_why_feature4_desc: 5fe8f09b60dde07dab953a791b21bf05
    landing_who_title: d888b64c0da05d8bc030a744380abf71
    landing_who_subtitle: 7a005ac3597bf1f5edc85cb3f16d4ddf
    landing_who_parents_title: 84b979a6bf1091de4f36647aa022d057
    landing_who_parents_desc: fdc0b49eaa9503d879285c18d4ee018f
    landing_who_educators_title: 1bbc40326681df29bde2eae9d37ed7ac
    landing_who_educators_desc: 3696540daf1b21011f968263b5efd1fa
    landing_who_researchers_title: 76fcb9b141be88c727bb75a11a64f3ec
    landing_who_researchers_desc: 1c2b544574e37e9cf8fd1fe5a5b674fa
    landing_ethics_title: a705d1a7344d8f32b7357e9e88af954d
    landing_ethics_subtitle: fb35cec07208d4a0b91d44efe6bfae72
    landing_ethics_item1_title: 471020cd472e981e8478cbb59c5c2939
    landing_ethics_item1_desc: 185522d723961d6a6c99076601f5ba4b
    landing_ethics_item2_title: 9607b3ed80f77ade2473855e6f652222
    landing_ethics_item2_desc: 2da26796d3d632f5026b1ff5becd77cd
    landing_cta_title: 744cd91e4535a55387c1665a878ff90f
    landing_cta_subtitle: 6eca4f6684100c586d1747227dbd08c1
    landing_cta_btn: 5476c30aeb582ba0951c3ac8fa44d125
    landing_footer_brand: 7dcdc8dc8b27ed35ff8e6df17b8307ae
    landing_footer_tagline: d69c829ab29c77c1a1e6c1efb7b86eb0
    landing_footer_product: 4e5f845a09d417dde0a1310bc9ca4bfe
    landing_footer_company: 9e36d11fa82d1bd4563eef2abc4fcfba
    landing_footer_legal: 00d3f08da61a21887009819cf93fb414
    landing_footer_link_how: f0be71e62d493362a83cdcb7a0f6c21c
    landing_footer_link_why: 0fc77dd30af71b7ae489019c6e378d24
    landing_footer_link_pricing: ce27f1aeacccc542a174c4b2bce022b0
    landing_footer_link_about: 944521eeeed2511833d2299931273c71
    landing_footer_link_research: 3368e9638d1619babd6df9fad592274f
    landing_footer_link_contact: 9afa39bc47019ee6dec6c74b6273967c
    landing_footer_link_privacy: 7459744a63ef8af4e517a09024bd7c08
    landing_footer_link_terms: 5add91f519e39025708e54a7eb7a9fc5
    landing_footer_link_ethics: 26e7e5aaed62bd2a9c99fc74ca25fdec
    landing_footer_copyright: 646565bc72a24eced1b5357415a8781f
    nav_overview: 30c54e4dc4ce599b87d94be34a8617f5
    nav_reports: df3f8e0cecf1c969d86da9c31d9a16c7
    nav_patients: db6fccba4453b8025f93b753146bc5e6
    nav_analytics: ec67586974cc78f25959d47bb36683a7
    nav_personalist: f5299af7422024328f779b3c05e36700
    nav_settings: 8df6777277469c1fd88cc18dde2f1cc3
    nav_support: 55aab5fd0f31a9cb055a2edeeedfaf63
    dash_title: f300ffc9be08a58812205e1a370c0d6b
    dash_practitioner: 1b6f268810b3c26e373ed129e5c900bc
    dash_active_modules: 2eb2bf1b7af0109142f3c0cc8ff1b661
    dash_select_env: 036910b8b04d8692d6f33ecde691cd0c
    dash_system_ready: 4779498283260faaffcd6585659030bb
    dash_cognitive_reading: 00a4086285953b163e453dd945e18354
    dash_ai_module: 0fb08199a6216d42a6c0fd26046b24be
    dash_duration: bf6ed0974fdd4eb9d8bd3f4f8c4bd5ae
    dash_duration_val: ad0e193e222e43dc25d45972a65787ed
    dash_method: 9ee818cf42e02671eaaf3e7dad079cbe
    dash_method_val: 2049f71023fc9d861b3bbbef61f0ac0e
    dash_launch_env: b25805ad128b9130f890c7e63c2c6ae6
    dash_auth_clinical: 688a276b48bcb0916b73d3ebd74a80ad
    dash_system_conn: 5934ba3c273a62e2bbd704163c1655d3
    dash_terminal_id: 4d6350afb1c46b6dd272f1ec553e5b03
    assess_records_archive: 9575d19315e285d0a36375b5e6efea43
    assess_dr_sarah: 12d073a72305244f358f6a8caa5dd1d1
    assess_chief_neuro: 8dd4e85efcd0d85dcc3476daff05a9f3
    assess_test_reports: e26355c8d8218959baaa7367f172818e
    assess_review_manage: b0a99ec1334b34a5e25d2bee14114f18
    assess_search: 1d936bf4dccd808e637e68416481a745
    assess_child_patient: 89ebbc1c166fce4ce4f63522cb57c2a2
    assess_gender: 1f1b6ff22c68ce7e62817840206a3fd3
    assess_age: 7b19e5ac4e0cabb832440c67c5ab6abe
    assess_report_status: 01340041cfe0ac950ff7d65dc8fba8c5
    assess_syncing: f83615bd4f134abf376f6acb2ec90bd2
    assess_no_records: 9cffae1cf90640f639db666d5072e1e1
    assess_years: eb4f5fdd2b320bf13e200fd6a6c1abff
    assess_download_pdf: dfbcc86cfac971ae88ba5d033c04fcbf
    assess_records_sync: df8856c7e48eac029132a8f334f2ec9d
    assess_db_node: e2ed7f4c4169e7acbe9dbf2d76509165
    path_header: f5299af7422024328f779b3c05e36700
    path_active_plans: fb7af626901fa591bd339b33566bdb14
    path_title: 6461dce638ac74433bf892cc1e0fa8cb
    path_desc: eb0579765f8776588d2181e0018e0f86
    path_loading: 7cc9a308641f4e2b7379bc1175885cfe
    path_no_plans: b355f3488aa1ceef06bb2403ab5e1b71
    path_no_plans_desc: 0a6c2f7812643fab824f345e8d9365e9
    path_sys_conn: 5934ba3c273a62e2bbd704163c1655d3
    path_version: 00cd0d50a7cf8fd86abbfbba05f83ffe
    path_delete_record: da3d31c5ec5aee04535ed241d7b816d1
    path_delete_disability: 6bd99f1829b1472122e65fec33794982
    path_pending: 030a6f3395d5d4efddd3cc67d6009039
    path_view_report: cf0bb1c7d3a128090dc761a2e4622b07
    path_run_analysis: 7060b5b19a139d19962818e3edbe11d2
    path_running_analysis: bd1fa74be0a0401814928927bcc9ce09
    path_analysis_desc: 5474b52b4651153c0c99cd37dc98e703
    path_60_day: 5c764403d1ae3fcfcf189e331c5298d8
    path_3_phases: e27edc0657e5e2a50e3b08a6887700c8
    path_ai_curated: 3c38439e180b2da87d66a1f62e6ce8b3
    path_view_full: 87c6b52ef64ec0a09e2961e9de2374bc
    path_start_course: 105e7f30c1964ff5493c03a212b2b1c7
    sf_patient_registration: 05dec1fc764e0cb70b917bdff0938187
    sf_assessment_intake: a6dde82a11ec623e3f8393a48598c5b1
    sf_secure_portal: 6a1275a18642a17c36a0c0c72bfdfe75
    sf_full_name: 73169ce22794e4e5103f7c1d8bb2a426
    sf_name_placeholder: b11c1a0b052d78e538d880d4228aa79e
    sf_age_group: b9dbf86282ec550ca6630fea80297acf
    sf_gender: c728694d48356aafbf9bb978dc2f2c14
    sf_ready: 09c3d2c3684cad267a7b6d1e3ede4164
    sf_launch: bb962e66e48b69d93085222c5361ac92
    sf_step_info: 9374e48878fc0a5153af0419f9a4b46f
    sf_step_assessment: 16a14331cf6ab6ecdb9e96b9e8c6b735
    sf_step_analytics: ec67586974cc78f25959d47bb36683a7
    sf_err_name: 38912816eeba073cd20a2fc2be51781d
    sf_err_gender: bbf7d13eac9f308b9171eaf83f05bdfd
    sf_gender_male: dacc05abb80fec62d25522738af8204f
    sf_gender_female: 3141be989b090d33a1502bd88e298942
    sf_gender_other: 79acaa6cd481262bea4e743a422529d2
    tc_title: 541225d756403478661fc49caa585700
    tc_subtitle: cd1d11671afdfdac37d9fa613ce210fc
    tc_hipaa: 81d1e300223c934a342f8ff0d0dc6392
    tc_data_usage: dd235594de28b3d8352a0a812bbd8aba
    tc_data_usage_desc: 0d3cd77922331aef0352f863cace447b
    tc_privacy: d9d785a3942a3ad7216340451b8bd0d2
    tc_privacy_desc: 6ee4fcfcd87d3c9f90e569c83fe5c8b6
    tc_medical: d3ad1214de1ee44be71360180702163c
    tc_medical_desc: 7999f364e26de6a421c0d07bf4d67e36
    tc_guardian: 3b45f3da94a2691d1a00f25776a5d7b7
    tc_guardian_desc: 908c78567a149c4d7f99fdffd02d9670
    tc_accept: 917f533ca4676673124604c85ce00422
    tc_proceed: 2634d31af927b6ac4ad3a1693eb39856
    tc_step_consent: 823bb8538d6616fbbe72244c51332445
    ps_calibration: e424369b7e8d72905ad45ede38927b77
    ps_readiness: 0694121f64e808e0086f8fff27e1216a
    ps_secure: b8c9d29768ece59d1a852a71d139fdb4
    ps_warning: d6bab77930410a1d17f8104d4b391734
    ps_optical: 4c4743b824fc42b0608eed4634264a01
    ps_optical_desc: 1e049e76ca71ca4f2330ba81bf973ba2
    ps_enable_camera: e2dae0a12aefacb22d0d3eb26ea2f36b
    ps_acoustic: 5d715ea0c3c08a04a292b8416c2d2613
    ps_acoustic_desc: 44a9a1b014c97523f61b637d822f666c
    ps_enable_mic: 5f84419c25b41184f2121fdb94541e80
    ps_neural: d09f9982d0c717a86742fd1a7b206928
    ps_neural_desc: cb8014cc3dcfa634001c2d459a8d343b
    ps_pair_device: 6de463b0acdbb7f27a8679629814a6d2
    ps_initializing: a2131f28e19281b22325338a33216e09
    ps_scanning: 6a6dba6bd73c7e645a6b9d30a4222609
    ps_configured: 3c0671feaabf660951709ea3f7a72a5a
    ps_linked: 4fab047fffb3f6d10109a39d4cddd151
    ps_blocked: 05291d94f91d1665934c82f8b1da2c67
    ps_ready: 09c3d2c3684cad267a7b6d1e3ede4164
    ps_launch: 8bef4ea35db5a5ecaf8ddcc8c754e860
    ps_hw_setup: a869ca4669abe7dd032c5e2adae62d03
    ps_validation: 48d9fd8229938ae9876eb017a87c270f
    ps_step_hw: 63a19576383cd8c2e545075850083518
    ps_err_hw: 37012d85250a2ed359671c265c29cb0a
    tcomp_amazing: de3da04827eff9c42ddf55aa35114efe
    tcomp_adventure_complete: f3b7367e112c0cccec2f481a4e823bbe
    tcomp_levels: 6ebb315bb8a698031e93849b6f46bd11
    tcomp_games: daa01deaab82e37434ef1f8762bf619c
    tcomp_done: ffd408fa29d5bc9039ef8ea1b9b699bb
    tcomp_achievements: 180db06d3a298365e9aab4aba9f7e395
    tcomp_math: 0a604ffa5ef57408918fe98ef05eb05a
    tcomp_reading: 9d93f1dff4a01a9e1566f23b401b8868
    tcomp_writing: 4f5f3ee3320c252921f80c42653c5d49
    tcomp_emotion: eb3a31ead51b5c8a8d365d5f904e9206
    tcomp_sound: ab68f46ffa7afe640e14459f406f05e0
    tcomp_vision: c7cf5660fae1503cce550d9693e82259
    tcomp_results_processing: 3e6d6d350ab5e1203c66da28711a9315
    tcomp_return_home: c7c9bc5a3dfdef1a1d92da6a68be1f8c
    tcomp_certificate: 0ffaf1612413cb4728f5babbb0580398
    ap_welcome: f742b3114b344e5fe0b039f069c4cd37
    ap_choose_level: 3684dbd9a853ccf06ffb73eb6a4e13b1
    ap_stars: b3d6827423e8a88821c59d4f2c0f9b05
    ap_level: a02bb563837cf669f134fa06b19ea121
    ap_games_count: b31ce624e16b99f7360fdf1a13b150e4
    ap_mascot_msg: 2c6e71a701d868717e40069c55eb259e
    ap_coming_soon: 32cce20aa76d06f2664ec3c8913e0249
    ap_back_levels: 98b98e58408f1258ed82b5df2efba233
    ap_exit: 3d6609666dcdbdff873edebdc1d3206d
    ap_amazing_work: 184b4b12ced2921caa3dc3799bcea2e0
    ap_math_adv: e9c2832fbd3924f52c5ad7816efd9c7f
    ap_math_theme: d06082ffb15ca88c645ea2b26454f550
    ap_read_rock: 72d994934e2dbfab94212964b3f40d13
    ap_read_theme: f54ec765207c34918c6ec37c1ce36a5a
    ap_writ_wiz: c9085675138829d25b7278a3811a3b97
    ap_writ_theme: 1350c0f0204ced03b42adbfde07de6c7
    ap_feel_fri: ee49e367b30f77a54b9f8009ada91f88
    ap_feel_theme: 716387f0585e7bccbfbfc7ec47e5c2a6
    ap_sup_ears: 37734343032eea102e7455b7c78280ad
    ap_sup_theme: 72a3837aceae6082ea4873e9540e0def
    ap_eag_eyes: c00883c84f6fd93d78c390b44df9640a
    ap_eag_theme: 74e091c2f77ab76672f1469854034f29
    ca_level_complete: 8c083582766ba5ab6f5a49f8d844acd7
    ca_get_ready: 44383fdbf7bb26c05c590a5c4ab9c835
    ca_age: 7b19e5ac4e0cabb832440c67c5ab6abe
    ca_assessment: 16a14331cf6ab6ecdb9e96b9e8c6b735
    ca_level: 1e3bf31d5c6083e898dd3e3359fbb0c2
    ca_of: dbeb569c8bdebe548fc850d7c357a67e
    ca_progress: dd0200d5849ebb7d64c15098ae91d229
    ca_game: 9d65cee4f55174372a88b9ef6aea30f0
    game_m1_title1: b28122bf350ce381eb231d2170f45b36
    game_m1_q1: 8a318cb087774875db3cd7c34ce481c2
    game_m1_title2: aad6c76c3ab13c9cefaf92a628fdd2fb
    game_m1_q2: f16db789a394aec3e778f76341e813f6
    game_m1_title3: fb2118da5553ffa0ad5a99c53b9cc0d8
    game_m1_vs: 06ef1dc35b86c42d25175b218039e759
    game_m1_q3: 0440b6749337633ce9ba91ffb8898ed3
    game_m1_q3_opt1: cf6fb49c839adefa55134292e5364d98
    game_m1_q3_opt2: 2a15ae0f353e98beb8f7cb25fcadc1ab
    game_m1_title4: a279f497b5472df309cdcbb87b1c2a74
    game_m1_q4: 801ff45b18965b47fc03d0c511b457f1
    game_m1_title5: 24592a1ec1ffc8221dea79ccf61a679d
    game_m1_q5_item: 693ace9c752241c29e3cd70cc7b14f22
    game_m1_q5_total: 6a478d9603a605f1448dffdfe3d6398d
    game_m1_btn_check: 023cc2ba432775c38e3efc004ad7b9ef
    game_m1_btn_clear: d4c069de3111b7a5df96f3703f199f2f
    game_m1_title6: 5b7e5591282e5c41dedaef694e539027
    game_m1_q6: 57cbbe98f4eb69ab8e79b67dc2fb7fc8
    game_r1_title1: cd45794081c8cc30657540938a200f84
    game_r1_text1: a539d9e3c28d303b1afe4e7a9ec556b7
    game_r1_instr1: ce5c0783ac25be87ab1e5e6b7d8b214f
    game_r1_success1: a5bcdf77e30416c5a30f06236f7bc6c3
    game_r1_btn_start: 46c1b43436bd7494b7772d3098798fc2
    game_r1_btn_stop: 4c4b4d44708ba05fe8726cbc80122228
    game_r1_btn_next: f5b8cfb40dcb6359d1a4a63f929c96dd
    game_r1_title2: eb9b3feed8befeeacdd7b5ddd584752b
    game_r1_text2: 9d18ff667d7076bb41b2999dffd566c9
    game_r1_instr2: 9ba049bd81f709196575c31acbe9318e
    game_r1_success2: fde5fa48fc535da66d804bd1e8d54cc8
    game_r1_btn_complete: ce44f9e73b41578e334fef853f8d4ccf
    game_w1_title: 1798ae862e0ff24b203a24ca52c238ed
    game_w1_text: 760799c49327dd6211fd3198c20ba11a
    game_w1_instr: 1668dd1ff99e0af1d3ead0c7a63fc6c2
    game_w1_btn_upload: 24f6b2924edd49fb681461d8f720e9a4
    game_w1_btn_uploading: baef62e2015a34d6747ed6e4192a27b1
    game_w1_upload_hint: 59335b524b6aec9d5efa9973061d17f9
    game_w1_ready: ca21d9436bb78df9f51b33bbf2261f9e
    game_w1_btn_submit: b8e2b93142e4fd3489e13fb175a47787
    game_w1_try_again: ad82703ca1614be4de4b050bd864c9c8
    game_w1_error: b92834cf5ebfc6fcd2bdb194a6f9d772
    game_f1_title: 5bf141c3e9426669e44c457d1f9b3751
    game_f1_instr: e58aac74d68390fd3c83726797123a1f
    game_f1_instr_face: 478dfa48c431e10231a86fa0c1a025cf
    game_f1_happy: 8ccd82513d1fba93953a642d7836dac2
    game_f1_sad: 68e7eeec80d77429a46c98aa8eb2f5b4
    game_f1_angry: df787a47c4706fe0f5043bbe8b89eb90
    game_f1_crying: c1ffecc4b50f49a094f87e40a246be0d
    game_se1_title: 70c1b78e0c0d0195491d6759453288b6
    game_se1_level: ca630d2e735c6119f5f2b48555890bf0
    game_se1_ready: d415ea474b79b8cafc63167dad343e32
    game_se1_instr: 4d6406f00a331277eced39afd36e9d3f
    game_se1_btn_start: 5bd8747a28b9e6f8d45b5c62fa613fb6
    game_se1_listen: 815d629eefd8ae9679fca28651503e65
    game_se2_title: b8b7ae4d7cc80b707e09d4e638e8eca7
    game_se2_instr: cbfc499b102ef9c9ff6da296adb033bb
    game_se2_btn_play: 800ffddf37ca898300d2b62db7d5a402
    game_se2_playing: 6d9ffc9b1d533c3a8df0be073fadc304
    game_se2_studying: ec15a65f111da6d9b2396e288b81d55e
    game_se2_sleeping: 440a50a89321061332f8eed37c15f224
    game_se2_eating: 86b5f8d0bdc979cb8ded7b580e477a7b
    game_se3_title: ae765950cbc01140e68735a1dd3a8d60
    game_se3_level: d63c6030f88a9c52eb396d70be685216
    game_se3_compare: 0546f8ee131cc58c4980c0a4eae569f9
    game_se3_same: 3d534f0d33272f0d3b379c05846ac2b3
    game_se3_different: b32fd0b43b67cf0f02f2bb1099857102
    game_se_great: 7e54f7f6886d03cdbab033ce8c407485
    game_se_try_again: 0c5886179c4e19c7d3e6adc11cb963d7
    game_ee1_title: 2aedc4a08c4d2aface7369a946dd9e28
    game_ee1_instr: f5c4b6672541518695306c1119666306
    game_ee2_title: 75ffad85ba6b2874862b45b2827246c4
    game_ee2_remember: 1ef1ec6383a864b15693b8597be71f97
    game_ee2_time: a8f74800f9ee8b8c90b0817daa5601aa
    game_ee2_select: 14996f2c55e997e2849761a7868474d0
    game_ee2_btn_check: a6386c0528582609d6ccdea995abc5bb
    game_ee3_title: 276ac45417c5da025ed88fbee3ea9481
    game_ee3_instr: cc581135e53b0fe5b392f640d4e58d35
    game_ee4_title: 920499573e9346903c89b060c711a657
    game_ee4_red: bace0083b78cdb188523bc4abc7b55c6
    game_ee4_blue: a5cf034b2d370a976119335cd99f4217
    game_ee4_green: 482ff383a4258357ba404f283682471d
